// !$*UTF8*$!
{
	archiveVersion = 1;
	classes = {
	};
	objectVersion = 46;
	objects = {

/* Begin PBXBuildFile section */
		F23AE3D91ACB480C005E433B /* main.m in Sources */ = {isa = PBXBuildFile; fileRef = F23AE3D81ACB480C005E433B /* main.m */; };
		F23AE3DC1ACB480C005E433B /* AppDelegate.m in Sources */ = {isa = PBXBuildFile; fileRef = F23AE3DB1ACB480C005E433B /* AppDelegate.m */; };
		F23AE3DF1ACB480C005E433B /* Lost_Characters.xcdatamodeld in Sources */ = {isa = PBXBuildFile; fileRef = F23AE3DD1ACB480C005E433B /* Lost_Characters.xcdatamodeld */; };
		F23AE3E21ACB480C005E433B /* CharacterListViewController.m in Sources */ = {isa = PBXBuildFile; fileRef = F23AE3E11ACB480C005E433B /* CharacterListViewController.m */; };
		F23AE3E51ACB480C005E433B /* Main.storyboard in Resources */ = {isa = PBXBuildFile; fileRef = F23AE3E31ACB480C005E433B /* Main.storyboard */; };
		F23AE3E71ACB480C005E433B /* Images.xcassets in Resources */ = {isa = PBXBuildFile; fileRef = F23AE3E61ACB480C005E433B /* Images.xcassets */; };
		F23AE3EA1ACB480C005E433B /* LaunchScreen.xib in Resources */ = {isa = PBXBuildFile; fileRef = F23AE3E81ACB480C005E433B /* LaunchScreen.xib */; };
		F23AE3F61ACB480C005E433B /* Lost_CharactersTests.m in Sources */ = {isa = PBXBuildFile; fileRef = F23AE3F51ACB480C005E433B /* Lost_CharactersTests.m */; };
		F23AE4001ACB4B3F005E433B /* lost.plist in Resources */ = {isa = PBXBuildFile; fileRef = F23AE3FF1ACB4B3F005E433B /* lost.plist */; };
		F23AE4031ACB4DBE005E433B /* AddNewCharacterVC.m in Sources */ = {isa = PBXBuildFile; fileRef = F23AE4021ACB4DBE005E433B /* AddNewCharacterVC.m */; };
		F23AE4051ACBBC6E005E433B /* defaultimage.png in Resources */ = {isa = PBXBuildFile; fileRef = F23AE4041ACBBC6E005E433B /* defaultimage.png */; };
		F23AE40B1ACBD549005E433B /* losticon.png in Resources */ = {isa = PBXBuildFile; fileRef = F23AE40A1ACBD549005E433B /* losticon.png */; };
		F23AE4111ACBE449005E433B /* CustomTableViewCell.m in Sources */ = {isa = PBXBuildFile; fileRef = F23AE4101ACBE449005E433B /* CustomTableViewCell.m */; };
/* End PBXBuildFile section */

/* Begin PBXContainerItemProxy section */
		F23AE3F01ACB480C005E433B /* PBXContainerItemProxy */ = {
			isa = PBXContainerItemProxy;
			containerPortal = F23AE3CB1ACB480C005E433B /* Project object */;
			proxyType = 1;
			remoteGlobalIDString = F23AE3D21ACB480C005E433B;
			remoteInfo = "Lost Characters";
		};
/* End PBXContainerItemProxy section */

/* Begin PBXFileReference section */
		F23AE3D31ACB480C005E433B /* Lost Characters.app */ = {isa = PBXFileReference; explicitFileType = wrapper.application; includeInIndex = 0; path = "Lost Characters.app"; sourceTree = BUILT_PRODUCTS_DIR; };
		F23AE3D71ACB480C005E433B /* Info.plist */ = {isa = PBXFileReference; lastKnownFileType = text.plist.xml; path = Info.plist; sourceTree = "<group>"; };
		F23AE3D81ACB480C005E433B /* main.m */ = {isa = PBXFileReference; lastKnownFileType = sourcecode.c.objc; path = main.m; sourceTree = "<group>"; };
		F23AE3DA1ACB480C005E433B /* AppDelegate.h */ = {isa = PBXFileReference; lastKnownFileType = sourcecode.c.h; path = AppDelegate.h; sourceTree = "<group>"; };
		F23AE3DB1ACB480C005E433B /* AppDelegate.m */ = {isa = PBXFileReference; lastKnownFileType = sourcecode.c.objc; path = AppDelegate.m; sourceTree = "<group>"; };
		F23AE3DE1ACB480C005E433B /* Lost_Characters.xcdatamodel */ = {isa = PBXFileReference; lastKnownFileType = wrapper.xcdatamodel; path = Lost_Characters.xcdatamodel; sourceTree = "<group>"; };
		F23AE3E01ACB480C005E433B /* CharacterListViewController.h */ = {isa = PBXFileReference; lastKnownFileType = sourcecode.c.h; path = CharacterListViewController.h; sourceTree = "<group>"; };
		F23AE3E11ACB480C005E433B /* CharacterListViewController.m */ = {isa = PBXFileReference; lastKnownFileType = sourcecode.c.objc; path = CharacterListViewController.m; sourceTree = "<group>"; };
		F23AE3E41ACB480C005E433B /* Base */ = {isa = PBXFileReference; lastKnownFileType = file.storyboard; name = Base; path = Base.lproj/Main.storyboard; sourceTree = "<group>"; };
		F23AE3E61ACB480C005E433B /* Images.xcassets */ = {isa = PBXFileReference; lastKnownFileType = folder.assetcatalog; path = Images.xcassets; sourceTree = "<group>"; };
		F23AE3E91ACB480C005E433B /* Base */ = {isa = PBXFileReference; lastKnownFileType = file.xib; name = Base; path = Base.lproj/LaunchScreen.xib; sourceTree = "<group>"; };
		F23AE3EF1ACB480C005E433B /* Lost CharactersTests.xctest */ = {isa = PBXFileReference; explicitFileType = wrapper.cfbundle; includeInIndex = 0; path = "Lost CharactersTests.xctest"; sourceTree = BUILT_PRODUCTS_DIR; };
		F23AE3F41ACB480C005E433B /* Info.plist */ = {isa = PBXFileReference; lastKnownFileType = text.plist.xml; path = Info.plist; sourceTree = "<group>"; };
		F23AE3F51ACB480C005E433B /* Lost_CharactersTests.m */ = {isa = PBXFileReference; lastKnownFileType = sourcecode.c.objc; path = Lost_CharactersTests.m; sourceTree = "<group>"; };
		F23AE3FF1ACB4B3F005E433B /* lost.plist */ = {isa = PBXFileReference; fileEncoding = 4; lastKnownFileType = text.plist.xml; path = lost.plist; sourceTree = "<group>"; };
		F23AE4011ACB4DBE005E433B /* AddNewCharacterVC.h */ = {isa = PBXFileReference; fileEncoding = 4; lastKnownFileType = sourcecode.c.h; path = AddNewCharacterVC.h; sourceTree = "<group>"; };
		F23AE4021ACB4DBE005E433B /* AddNewCharacterVC.m */ = {isa = PBXFileReference; fileEncoding = 4; lastKnownFileType = sourcecode.c.objc; path = AddNewCharacterVC.m; sourceTree = "<group>"; };
		F23AE4041ACBBC6E005E433B /* defaultimage.png */ = {isa = PBXFileReference; lastKnownFileType = image.png; path = defaultimage.png; sourceTree = "<group>"; };
		F23AE40A1ACBD549005E433B /* losticon.png */ = {isa = PBXFileReference; lastKnownFileType = image.png; path = losticon.png; sourceTree = "<group>"; };
		F23AE40F1ACBE449005E433B /* CustomTableViewCell.h */ = {isa = PBXFileReference; fileEncoding = 4; lastKnownFileType = sourcecode.c.h; path = CustomTableViewCell.h; sourceTree = "<group>"; };
		F23AE4101ACBE449005E433B /* CustomTableViewCell.m */ = {isa = PBXFileReference; fileEncoding = 4; lastKnownFileType = sourcecode.c.objc; path = CustomTableViewCell.m; sourceTree = "<group>"; };
/* End PBXFileReference section */

/* Begin PBXFrameworksBuildPhase section */
		F23AE3D01ACB480C005E433B /* Frameworks */ = {
			isa = PBXFrameworksBuildPhase;
			buildActionMask = 2147483647;
			files = (
			);
			runOnlyForDeploymentPostprocessing = 0;
		};
		F23AE3EC1ACB480C005E433B /* Frameworks */ = {
			isa = PBXFrameworksBuildPhase;
			buildActionMask = 2147483647;
			files = (
			);
			runOnlyForDeploymentPostprocessing = 0;
		};
/* End PBXFrameworksBuildPhase section */

/* Begin PBXGroup section */
		F23AE3CA1ACB480C005E433B = {
			isa = PBXGroup;
			children = (
				F23AE3D51ACB480C005E433B /* Lost Characters */,
				F23AE3F21ACB480C005E433B /* Lost CharactersTests */,
				F23AE3D41ACB480C005E433B /* Products */,
			);
			sourceTree = "<group>";
		};
		F23AE3D41ACB480C005E433B /* Products */ = {
			isa = PBXGroup;
			children = (
				F23AE3D31ACB480C005E433B /* Lost Characters.app */,
				F23AE3EF1ACB480C005E433B /* Lost CharactersTests.xctest */,
			);
			name = Products;
			sourceTree = "<group>";
		};
		F23AE3D51ACB480C005E433B /* Lost Characters */ = {
			isa = PBXGroup;
			children = (
				F23AE3DA1ACB480C005E433B /* AppDelegate.h */,
				F23AE3DB1ACB480C005E433B /* AppDelegate.m */,
				F23AE3E01ACB480C005E433B /* CharacterListViewController.h */,
				F23AE3E11ACB480C005E433B /* CharacterListViewController.m */,
				F23AE40F1ACBE449005E433B /* CustomTableViewCell.h */,
				F23AE4101ACBE449005E433B /* CustomTableViewCell.m */,
				F23AE4011ACB4DBE005E433B /* AddNewCharacterVC.h */,
				F23AE4021ACB4DBE005E433B /* AddNewCharacterVC.m */,
				F23AE3E31ACB480C005E433B /* Main.storyboard */,
				F23AE3E61ACB480C005E433B /* Images.xcassets */,
				F23AE4041ACBBC6E005E433B /* defaultimage.png */,
				F23AE40A1ACBD549005E433B /* losticon.png */,
				F23AE3E81ACB480C005E433B /* LaunchScreen.xib */,
				F23AE3DD1ACB480C005E433B /* Lost_Characters.xcdatamodeld */,
				F23AE3D61ACB480C005E433B /* Supporting Files */,
			);
			path = "Lost Characters";
			sourceTree = "<group>";
		};
		F23AE3D61ACB480C005E433B /* Supporting Files */ = {
			isa = PBXGroup;
			children = (
				F23AE3D71ACB480C005E433B /* Info.plist */,
				F23AE3FF1ACB4B3F005E433B /* lost.plist */,
				F23AE3D81ACB480C005E433B /* main.m */,
			);
			name = "Supporting Files";
			sourceTree = "<group>";
		};
		F23AE3F21ACB480C005E433B /* Lost CharactersTests */ = {
			isa = PBXGroup;
			children = (
				F23AE3F51ACB480C005E433B /* Lost_CharactersTests.m */,
				F23AE3F31ACB480C005E433B /* Supporting Files */,
			);
			path = "Lost CharactersTests";
			sourceTree = "<group>";
		};
		F23AE3F31ACB480C005E433B /* Supporting Files */ = {
			isa = PBXGroup;
			children = (
				F23AE3F41ACB480C005E433B /* Info.plist */,
			);
			name = "Supporting Files";
			sourceTree = "<group>";
		};
/* End PBXGroup section */

/* Begin PBXNativeTarget section */
		F23AE3D21ACB480C005E433B /* Lost Characters */ = {
			isa = PBXNativeTarget;
			buildConfigurationList = F23AE3F91ACB480C005E433B /* Build configuration list for PBXNativeTarget "Lost Characters" */;
			buildPhases = (
				F23AE3CF1ACB480C005E433B /* Sources */,
				F23AE3D01ACB480C005E433B /* Frameworks */,
				F23AE3D11ACB480C005E433B /* Resources */,
			);
			buildRules = (
			);
			dependencies = (
			);
			name = "Lost Characters";
			productName = "Lost Characters";
			productReference = F23AE3D31ACB480C005E433B /* Lost Characters.app */;
			productType = "com.apple.product-type.application";
		};
		F23AE3EE1ACB480C005E433B /* Lost CharactersTests */ = {
			isa = PBXNativeTarget;
			buildConfigurationList = F23AE3FC1ACB480C005E433B /* Build configuration list for PBXNativeTarget "Lost CharactersTests" */;
			buildPhases = (
				F23AE3EB1ACB480C005E433B /* Sources */,
				F23AE3EC1ACB480C005E433B /* Frameworks */,
				F23AE3ED1ACB480C005E433B /* Resources */,
			);
			buildRules = (
			);
			dependencies = (
				F23AE3F11ACB480C005E433B /* PBXTargetDependency */,
			);
			name = "Lost CharactersTests";
			productName = "Lost CharactersTests";
			productReference = F23AE3EF1ACB480C005E433B /* Lost CharactersTests.xctest */;
			productType = "com.apple.product-type.bundle.unit-test";
		};
/* End PBXNativeTarget section */

/* Begin PBXProject section */
		F23AE3CB1ACB480C005E433B /* Project object */ = {
			isa = PBXProject;
			attributes = {
				LastUpgradeCheck = 0620;
				ORGANIZATIONNAME = Ron;
				TargetAttributes = {
					F23AE3D21ACB480C005E433B = {
						CreatedOnToolsVersion = 6.2;
					};
					F23AE3EE1ACB480C005E433B = {
						CreatedOnToolsVersion = 6.2;
						TestTargetID = F23AE3D21ACB480C005E433B;
					};
				};
			};
			buildConfigurationList = F23AE3CE1ACB480C005E433B /* Build configuration list for PBXProject "Lost Characters" */;
			compatibilityVersion = "Xcode 3.2";
			developmentRegion = English;
			hasScannedForEncodings = 0;
			knownRegions = (
				en,
				Base,
			);
			mainGroup = F23AE3CA1ACB480C005E433B;
			productRefGroup = F23AE3D41ACB480C005E433B /* Products */;
			projectDirPath = "";
			projectRoot = "";
			targets = (
				F23AE3D21ACB480C005E433B /* Lost Characters */,
				F23AE3EE1ACB480C005E433B /* Lost CharactersTests */,
			);
		};
/* End PBXProject section */

/* Begin PBXResourcesBuildPhase section */
		F23AE3D11ACB480C005E433B /* Resources */ = {
			isa = PBXResourcesBuildPhase;
			buildActionMask = 2147483647;
			files = (
				F23AE40B1ACBD549005E433B /* losticon.png in Resources */,
				F23AE4051ACBBC6E005E433B /* defaultimage.png in Resources */,
				F23AE3E51ACB480C005E433B /* Main.storyboard in Resources */,
				F23AE3EA1ACB480C005E433B /* LaunchScreen.xib in Resources */,
				F23AE4001ACB4B3F005E433B /* lost.plist in Resources */,
				F23AE3E71ACB480C005E433B /* Images.xcassets in Resources */,
			);
			runOnlyForDeploymentPostprocessing = 0;
		};
		F23AE3ED1ACB480C005E433B /* Resources */ = {
			isa = PBXResourcesBuildPhase;
			buildActionMask = 2147483647;
			files = (
			);
			runOnlyForDeploymentPostprocessing = 0;
		};
/* End PBXResourcesBuildPhase section */

/* Begin PBXSourcesBuildPhase section */
		F23AE3CF1ACB480C005E433B /* Sources */ = {
			isa = PBXSourcesBuildPhase;
			buildActionMask = 2147483647;
			files = (
				F23AE4031ACB4DBE005E433B /* AddNewCharacterVC.m in Sources */,
				F23AE3DC1ACB480C005E433B /* AppDelegate.m in Sources */,
				F23AE4111ACBE449005E433B /* CustomTableViewCell.m in Sources */,
				F23AE3DF1ACB480C005E433B /* Lost_Characters.xcdatamodeld in Sources */,
				F23AE3E21ACB480C005E433B /* CharacterListViewController.m in Sources */,
				F23AE3D91ACB480C005E433B /* main.m in Sources */,
			);
			runOnlyForDeploymentPostprocessing = 0;
		};
		F23AE3EB1ACB480C005E433B /* Sources */ = {
			isa = PBXSourcesBuildPhase;
			buildActionMask = 2147483647;
			files = (
				F23AE3F61ACB480C005E433B /* Lost_CharactersTests.m in Sources */,
			);
			runOnlyForDeploymentPostprocessing = 0;
		};
/* End PBXSourcesBuildPhase section */

/* Begin PBXTargetDependency section */
		F23AE3F11ACB480C005E433B /* PBXTargetDependency */ = {
			isa = PBXTargetDependency;
			target = F23AE3D21ACB480C005E433B /* Lost Characters */;
			targetProxy = F23AE3F01ACB480C005E433B /* PBXContainerItemProxy */;
		};
/* End PBXTargetDependency section */

/* Begin PBXVariantGroup section */
		F23AE3E31ACB480C005E433B /* Main.storyboard */ = {
			isa = PBXVariantGroup;
			children = (
				F23AE3E41ACB480C005E433B /* Base */,
			);
			name = Main.storyboard;
			sourceTree = "<group>";
		};
		F23AE3E81ACB480C005E433B /* LaunchScreen.xib */ = {
			isa = PBXVariantGroup;
			children = (
				F23AE3E91ACB480C005E433B /* Base */,
			);
			name = LaunchScreen.xib;
			sourceTree = "<group>";
		};
/* End PBXVariantGroup section */

/* Begin XCBuildConfiguration section */
		F23AE3F71ACB480C005E433B /* Debug */ = {
			isa = XCBuildConfiguration;
			buildSettings = {
				ALWAYS_SEARCH_USER_PATHS = NO;
				CLANG_CXX_LANGUAGE_STANDARD = "gnu++0x";
				CLANG_CXX_LIBRARY = "libc++";
				CLANG_ENABLE_MODULES = YES;
				CLANG_ENABLE_OBJC_ARC = YES;
				CLANG_WARN_BOOL_CONVERSION = YES;
				CLANG_WARN_CONSTANT_CONVERSION = YES;
				CLANG_WARN_DIRECT_OBJC_ISA_USAGE = YES_ERROR;
				CLANG_WARN_EMPTY_BODY = YES;
				CLANG_WARN_ENUM_CONVERSION = YES;
				CLANG_WARN_INT_CONVERSION = YES;
				CLANG_WARN_OBJC_ROOT_CLASS = YES_ERROR;
				CLANG_WARN_UNREACHABLE_CODE = YES;
				CLANG_WARN__DUPLICATE_METHOD_MATCH = YES;
				"CODE_SIGN_IDENTITY[sdk=iphoneos*]" = "iPhone Developer";
				COPY_PHASE_STRIP = NO;
				ENABLE_STRICT_OBJC_MSGSEND = YES;
				GCC_C_LANGUAGE_STANDARD = gnu99;
				GCC_DYNAMIC_NO_PIC = NO;
				GCC_OPTIMIZATION_LEVEL = 0;
				GCC_PREPROCESSOR_DEFINITIONS = (
					"DEBUG=1",
					"$(inherited)",
				);
				GCC_SYMBOLS_PRIVATE_EXTERN = NO;
				GCC_WARN_64_TO_32_BIT_CONVERSION = YES;
				GCC_WARN_ABOUT_RETURN_TYPE = YES_ERROR;
				GCC_WARN_UNDECLARED_SELECTOR = YES;
				GCC_WARN_UNINITIALIZED_AUTOS = YES_AGGRESSIVE;
				GCC_WARN_UNUSED_FUNCTION = YES;
				GCC_WARN_UNUSED_VARIABLE = YES;
				IPHONEOS_DEPLOYMENT_TARGET = 8.2;
				MTL_ENABLE_DEBUG_INFO = YES;
				ONLY_ACTIVE_ARCH = YES;
				SDKROOT = iphoneos;
			};
			name = Debug;
		};
		F23AE3F81ACB480C005E433B /* Release */ = {
			isa = XCBuildConfiguration;
			buildSettings = {
				ALWAYS_SEARCH_USER_PATHS = NO;
				CLANG_CXX_LANGUAGE_STANDARD = "gnu++0x";
				CLANG_CXX_LIBRARY = "libc++";
				CLANG_ENABLE_MODULES = YES;
				CLANG_ENABLE_OBJC_ARC = YES;
				CLANG_WARN_BOOL_CONVERSION = YES;
				CLANG_WARN_CONSTANT_CONVERSION = YES;
				CLANG_WARN_DIRECT_OBJC_ISA_USAGE = YES_ERROR;
				CLANG_WARN_EMPTY_BODY = YES;
				CLANG_WARN_ENUM_CONVERSION = YES;
				CLANG_WARN_INT_CONVERSION = YES;
				CLANG_WARN_OBJC_ROOT_CLASS = YES_ERROR;
				CLANG_WARN_UNREACHABLE_CODE = YES;
				CLANG_WARN__DUPLICATE_METHOD_MATCH = YES;
				"CODE_SIGN_IDENTITY[sdk=iphoneos*]" = "iPhone Developer";
				COPY_PHASE_STRIP = NO;
				ENABLE_NS_ASSERTIONS = NO;
				ENABLE_STRICT_OBJC_MSGSEND = YES;
				GCC_C_LANGUAGE_STANDARD = gnu99;
				GCC_WARN_64_TO_32_BIT_CONVERSION = YES;
				GCC_WARN_ABOUT_RETURN_TYPE = YES_ERROR;
				GCC_WARN_UNDECLARED_SELECTOR = YES;
				GCC_WARN_UNINITIALIZED_AUTOS = YES_AGGRESSIVE;
				GCC_WARN_UNUSED_FUNCTION = YES;
				GCC_WARN_UNUSED_VARIABLE = YES;
				IPHONEOS_DEPLOYMENT_TARGET = 8.2;
				MTL_ENABLE_DEBUG_INFO = NO;
				SDKROOT = iphoneos;
				VALIDATE_PRODUCT = YES;
			};
			name = Release;
		};
		F23AE3FA1ACB480C005E433B /* Debug */ = {
			isa = XCBuildConfiguration;
			buildSettings = {
				ASSETCATALOG_COMPILER_APPICON_NAME = AppIcon;
				INFOPLIST_FILE = "Lost Characters/Info.plist";
				LD_RUNPATH_SEARCH_PATHS = "$(inherited) @executable_path/Frameworks";
				PRODUCT_NAME = "$(TARGET_NAME)";
			};
			name = Debug;
		};
		F23AE3FB1ACB480C005E433B /* Release */ = {
			isa = XCBuildConfiguration;
			buildSettings = {
				ASSETCATALOG_COMPILER_APPICON_NAME = AppIcon;
				INFOPLIST_FILE = "Lost Characters/Info.plist";
				LD_RUNPATH_SEARCH_PATHS = "$(inherited) @executable_path/Frameworks";
				PRODUCT_NAME = "$(TARGET_NAME)";
			};
			name = Release;
		};
		F23AE3FD1ACB480C005E433B /* Debug */ = {
			isa = XCBuildConfiguration;
			buildSettings = {
				BUNDLE_LOADER = "$(TEST_HOST)";
				FRAMEWORK_SEARCH_PATHS = (
					"$(SDKROOT)/Developer/Library/Frameworks",
					"$(inherited)",
				);
				GCC_PREPROCESSOR_DEFINITIONS = (
					"DEBUG=1",
					"$(inherited)",
				);
				INFOPLIST_FILE = "Lost CharactersTests/Info.plist";
				LD_RUNPATH_SEARCH_PATHS = "$(inherited) @executable_path/Frameworks @loader_path/Frameworks";
				PRODUCT_NAME = "$(TARGET_NAME)";
				TEST_HOST = "$(BUILT_PRODUCTS_DIR)/Lost Characters.app/Lost Characters";
			};
			name = Debug;
		};
		F23AE3FE1ACB480C005E433B /* Release */ = {
			isa = XCBuildConfiguration;
			buildSettings = {
				BUNDLE_LOADER = "$(TEST_HOST)";
				FRAMEWORK_SEARCH_PATHS = (
					"$(SDKROOT)/Developer/Library/Frameworks",
					"$(inherited)",
				);
				INFOPLIST_FILE = "Lost CharactersTests/Info.plist";
				LD_RUNPATH_SEARCH_PATHS = "$(inherited) @executable_path/Frameworks @loader_path/Frameworks";
				PRODUCT_NAME = "$(TARGET_NAME)";
				TEST_HOST = "$(BUILT_PRODUCTS_DIR)/Lost Characters.app/Lost Characters";
			};
			name = Release;
		};
/* End XCBuildConfiguration section */

/* Begin XCConfigurationList section */
		F23AE3CE1ACB480C005E433B /* Build configuration list for PBXProject "Lost Characters" */ = {
			isa = XCConfigurationList;
			buildConfigurations = (
				F23AE3F71ACB480C005E433B /* Debug */,
				F23AE3F81ACB480C005E433B /* Release */,
			);
			defaultConfigurationIsVisible = 0;
			defaultConfigurationName = Release;
		};
		F23AE3F91ACB480C005E433B /* Build configuration list for PBXNativeTarget "Lost Characters" */ = {
			isa = XCConfigurationList;
			buildConfigurations = (
				F23AE3FA1ACB480C005E433B /* Debug */,
				F23AE3FB1ACB480C005E433B /* Release */,
			);
			defaultConfigurationIsVisible = 0;
		};
		F23AE3FC1ACB480C005E433B /* Build configuration list for PBXNativeTarget "Lost CharactersTests" */ = {
			isa = XCConfigurationList;
			buildConfigurations = (
				F23AE3FD1ACB480C005E433B /* Debug */,
				F23AE3FE1ACB480C005E433B /* Release */,
			);
			defaultConfigurationIsVisible = 0;
		};
/* End XCConfigurationList section */

/* Begin XCVersionGroup section */
		F23AE3DD1ACB480C005E433B /* Lost_Characters.xcdatamodeld */ = {
			isa = XCVersionGroup;
			children = (
				F23AE3DE1ACB480C005E433B /* Lost_Characters.xcdatamodel */,
			);
			currentVersion = F23AE3DE1ACB480C005E433B /* Lost_Characters.xcdatamodel */;
			path = Lost_Characters.xcdatamodeld;
			sourceTree = "<group>";
			versionGroupType = wrapper.xcdatamodel;
		};
/* End XCVersionGroup section */
	};
	rootObject = F23AE3CB1ACB480C005E433B /* Project object */;
}
